// !$*UTF8*$!
{
	archiveVersion = 1;
	classes = {
	};
	objectVersion = 51;
	objects = {

/* Begin PBXBuildFile section */
		1A6741CC242BD028001F5CA4 /* APIRouter.swift in Sources */ = {isa = PBXBuildFile; fileRef = 1A6741CA242BD027001F5CA4 /* APIRouter.swift */; };
		1A6741CD242BD028001F5CA4 /* APIClient.swift in Sources */ = {isa = PBXBuildFile; fileRef = 1A6741CB242BD028001F5CA4 /* APIClient.swift */; };
		1A6741D0242BD220001F5CA4 /* HomePageResponse.swift in Sources */ = {isa = PBXBuildFile; fileRef = 1A6741CF242BD220001F5CA4 /* HomePageResponse.swift */; };
		1A6741D3242BD70C001F5CA4 /* SectionType.swift in Sources */ = {isa = PBXBuildFile; fileRef = 1A6741D2242BD70C001F5CA4 /* SectionType.swift */; };
		1A850D2C2427958000802A86 /* AppDelegate.swift in Sources */ = {isa = PBXBuildFile; fileRef = 1A850D2B2427958000802A86 /* AppDelegate.swift */; };
		1A850D2E2427958000802A86 /* SceneDelegate.swift in Sources */ = {isa = PBXBuildFile; fileRef = 1A850D2D2427958000802A86 /* SceneDelegate.swift */; };
		1A850D352427958200802A86 /* Assets.xcassets in Resources */ = {isa = PBXBuildFile; fileRef = 1A850D342427958200802A86 /* Assets.xcassets */; };
		1A850D382427958200802A86 /* LaunchScreen.storyboard in Resources */ = {isa = PBXBuildFile; fileRef = 1A850D362427958200802A86 /* LaunchScreen.storyboard */; };
		1A850D432427958200802A86 /* AksamTests.swift in Sources */ = {isa = PBXBuildFile; fileRef = 1A850D422427958200802A86 /* AksamTests.swift */; };
		1A850D50242795DC00802A86 /* HomeViewController.swift in Sources */ = {isa = PBXBuildFile; fileRef = 1A850D4E242795DC00802A86 /* HomeViewController.swift */; };
		1A850D51242795DC00802A86 /* HomeViewController.xib in Resources */ = {isa = PBXBuildFile; fileRef = 1A850D4F242795DC00802A86 /* HomeViewController.xib */; };
		1A850D582427982B00802A86 /* Reusable.swift in Sources */ = {isa = PBXBuildFile; fileRef = 1A850D572427982B00802A86 /* Reusable.swift */; };
		1A850D5F242798A000802A86 /* URLComponents+Extension.swift in Sources */ = {isa = PBXBuildFile; fileRef = 1A850D59242798A000802A86 /* URLComponents+Extension.swift */; };
		1A850D60242798A000802A86 /* String+Extension.swift in Sources */ = {isa = PBXBuildFile; fileRef = 1A850D5A242798A000802A86 /* String+Extension.swift */; };
		1A850D61242798A000802A86 /* UICollectionView+Extension.swift in Sources */ = {isa = PBXBuildFile; fileRef = 1A850D5B242798A000802A86 /* UICollectionView+Extension.swift */; };
		1A850D62242798A000802A86 /* UITableView+Extension.swift in Sources */ = {isa = PBXBuildFile; fileRef = 1A850D5C242798A000802A86 /* UITableView+Extension.swift */; };
		1A850D63242798A000802A86 /* UIViewController+Extensions.swift in Sources */ = {isa = PBXBuildFile; fileRef = 1A850D5D242798A000802A86 /* UIViewController+Extensions.swift */; };
		1A850D64242798A000802A86 /* UITextField+Extension.swift in Sources */ = {isa = PBXBuildFile; fileRef = 1A850D5E242798A000802A86 /* UITextField+Extension.swift */; };
		1A850D66242798AF00802A86 /* Constant.swift in Sources */ = {isa = PBXBuildFile; fileRef = 1A850D65242798AF00802A86 /* Constant.swift */; };
		1A850D692427AB1100802A86 /* Utils.swift in Sources */ = {isa = PBXBuildFile; fileRef = 1A850D682427AB1100802A86 /* Utils.swift */; };
		1A850D6F2427B7AD00802A86 /* LeftMenuTableViewCell.swift in Sources */ = {isa = PBXBuildFile; fileRef = 1A850D6D2427B7AD00802A86 /* LeftMenuTableViewCell.swift */; };
		1A850D702427B7AD00802A86 /* LeftMenuTableViewCell.xib in Resources */ = {isa = PBXBuildFile; fileRef = 1A850D6E2427B7AD00802A86 /* LeftMenuTableViewCell.xib */; };
		1A850D742427BA9900802A86 /* NewsTableViewCell.swift in Sources */ = {isa = PBXBuildFile; fileRef = 1A850D722427BA9900802A86 /* NewsTableViewCell.swift */; };
		1A850D752427BA9900802A86 /* NewsTableViewCell.xib in Resources */ = {isa = PBXBuildFile; fileRef = 1A850D732427BA9900802A86 /* NewsTableViewCell.xib */; };
		1ACBEBB7242BC5F700CCAA52 /* SliderCarouselView.xib in Resources */ = {isa = PBXBuildFile; fileRef = 1ACBEBB6242BC5F700CCAA52 /* SliderCarouselView.xib */; };
		1ACBEBB9242BC5FE00CCAA52 /* SliderCarouselView.swift in Sources */ = {isa = PBXBuildFile; fileRef = 1ACBEBB8242BC5FE00CCAA52 /* SliderCarouselView.swift */; };
		E4A147EE3256791167A74419 /* Pods_Aksam.framework in Frameworks */ = {isa = PBXBuildFile; fileRef = EE2CB19E4185F75D0377638B /* Pods_Aksam.framework */; };
		E9505A4C4EA68EF444284A6B /* Pods_AksamTests.framework in Frameworks */ = {isa = PBXBuildFile; fileRef = 3CD6AC1211CB07A9B4166236 /* Pods_AksamTests.framework */; };
/* End PBXBuildFile section */

/* Begin PBXContainerItemProxy section */
		1A850D3F2427958200802A86 /* PBXContainerItemProxy */ = {
			isa = PBXContainerItemProxy;
			containerPortal = 1A850D202427958000802A86 /* Project object */;
			proxyType = 1;
			remoteGlobalIDString = 1A850D272427958000802A86;
			remoteInfo = Aksam;
		};
/* End PBXContainerItemProxy section */

/* Begin PBXFileReference section */
		05C76E25676A50D8425F6968 /* Pods-AksamTests.debug.xcconfig */ = {isa = PBXFileReference; includeInIndex = 1; lastKnownFileType = text.xcconfig; name = "Pods-AksamTests.debug.xcconfig"; path = "Target Support Files/Pods-AksamTests/Pods-AksamTests.debug.xcconfig"; sourceTree = "<group>"; };
		1A6741CA242BD027001F5CA4 /* APIRouter.swift */ = {isa = PBXFileReference; fileEncoding = 4; lastKnownFileType = sourcecode.swift; path = APIRouter.swift; sourceTree = "<group>"; };
		1A6741CB242BD028001F5CA4 /* APIClient.swift */ = {isa = PBXFileReference; fileEncoding = 4; lastKnownFileType = sourcecode.swift; path = APIClient.swift; sourceTree = "<group>"; };
		1A6741CF242BD220001F5CA4 /* HomePageResponse.swift */ = {isa = PBXFileReference; lastKnownFileType = sourcecode.swift; path = HomePageResponse.swift; sourceTree = "<group>"; };
		1A6741D2242BD70C001F5CA4 /* SectionType.swift */ = {isa = PBXFileReference; lastKnownFileType = sourcecode.swift; path = SectionType.swift; sourceTree = "<group>"; };
		1A850D282427958000802A86 /* Aksam.app */ = {isa = PBXFileReference; explicitFileType = wrapper.application; includeInIndex = 0; path = Aksam.app; sourceTree = BUILT_PRODUCTS_DIR; };
		1A850D2B2427958000802A86 /* AppDelegate.swift */ = {isa = PBXFileReference; lastKnownFileType = sourcecode.swift; path = AppDelegate.swift; sourceTree = "<group>"; };
		1A850D2D2427958000802A86 /* SceneDelegate.swift */ = {isa = PBXFileReference; lastKnownFileType = sourcecode.swift; path = SceneDelegate.swift; sourceTree = "<group>"; };
		1A850D342427958200802A86 /* Assets.xcassets */ = {isa = PBXFileReference; lastKnownFileType = folder.assetcatalog; path = Assets.xcassets; sourceTree = "<group>"; };
		1A850D372427958200802A86 /* Base */ = {isa = PBXFileReference; lastKnownFileType = file.storyboard; name = Base; path = Base.lproj/LaunchScreen.storyboard; sourceTree = "<group>"; };
		1A850D392427958200802A86 /* Info.plist */ = {isa = PBXFileReference; lastKnownFileType = text.plist.xml; path = Info.plist; sourceTree = "<group>"; };
		1A850D3E2427958200802A86 /* AksamTests.xctest */ = {isa = PBXFileReference; explicitFileType = wrapper.cfbundle; includeInIndex = 0; path = AksamTests.xctest; sourceTree = BUILT_PRODUCTS_DIR; };
		1A850D422427958200802A86 /* AksamTests.swift */ = {isa = PBXFileReference; lastKnownFileType = sourcecode.swift; path = AksamTests.swift; sourceTree = "<group>"; };
		1A850D442427958200802A86 /* Info.plist */ = {isa = PBXFileReference; lastKnownFileType = text.plist.xml; path = Info.plist; sourceTree = "<group>"; };
		1A850D4E242795DC00802A86 /* HomeViewController.swift */ = {isa = PBXFileReference; lastKnownFileType = sourcecode.swift; path = HomeViewController.swift; sourceTree = "<group>"; };
		1A850D4F242795DC00802A86 /* HomeViewController.xib */ = {isa = PBXFileReference; lastKnownFileType = file.xib; path = HomeViewController.xib; sourceTree = "<group>"; };
		1A850D572427982B00802A86 /* Reusable.swift */ = {isa = PBXFileReference; lastKnownFileType = sourcecode.swift; path = Reusable.swift; sourceTree = "<group>"; };
		1A850D59242798A000802A86 /* URLComponents+Extension.swift */ = {isa = PBXFileReference; fileEncoding = 4; lastKnownFileType = sourcecode.swift; path = "URLComponents+Extension.swift"; sourceTree = "<group>"; };
		1A850D5A242798A000802A86 /* String+Extension.swift */ = {isa = PBXFileReference; fileEncoding = 4; lastKnownFileType = sourcecode.swift; path = "String\U0010\U0010+Extension.swift"; sourceTree = "<group>"; };
		1A850D5B242798A000802A86 /* UICollectionView+Extension.swift */ = {isa = PBXFileReference; fileEncoding = 4; lastKnownFileType = sourcecode.swift; path = "UICollectionView+Extension.swift"; sourceTree = "<group>"; };
		1A850D5C242798A000802A86 /* UITableView+Extension.swift */ = {isa = PBXFileReference; fileEncoding = 4; lastKnownFileType = sourcecode.swift; path = "UITableView+Extension.swift"; sourceTree = "<group>"; };
		1A850D5D242798A000802A86 /* UIViewController+Extensions.swift */ = {isa = PBXFileReference; fileEncoding = 4; lastKnownFileType = sourcecode.swift; path = "UIViewController+Extensions.swift"; sourceTree = "<group>"; };
		1A850D5E242798A000802A86 /* UITextField+Extension.swift */ = {isa = PBXFileReference; fileEncoding = 4; lastKnownFileType = sourcecode.swift; path = "UITextField+Extension.swift"; sourceTree = "<group>"; };
		1A850D65242798AF00802A86 /* Constant.swift */ = {isa = PBXFileReference; lastKnownFileType = sourcecode.swift; path = Constant.swift; sourceTree = "<group>"; };
		1A850D682427AB1100802A86 /* Utils.swift */ = {isa = PBXFileReference; lastKnownFileType = sourcecode.swift; path = Utils.swift; sourceTree = "<group>"; };
		1A850D6D2427B7AD00802A86 /* LeftMenuTableViewCell.swift */ = {isa = PBXFileReference; lastKnownFileType = sourcecode.swift; path = LeftMenuTableViewCell.swift; sourceTree = "<group>"; };
		1A850D6E2427B7AD00802A86 /* LeftMenuTableViewCell.xib */ = {isa = PBXFileReference; lastKnownFileType = file.xib; path = LeftMenuTableViewCell.xib; sourceTree = "<group>"; };
		1A850D722427BA9900802A86 /* NewsTableViewCell.swift */ = {isa = PBXFileReference; lastKnownFileType = sourcecode.swift; path = NewsTableViewCell.swift; sourceTree = "<group>"; };
		1A850D732427BA9900802A86 /* NewsTableViewCell.xib */ = {isa = PBXFileReference; lastKnownFileType = file.xib; path = NewsTableViewCell.xib; sourceTree = "<group>"; };
		1ACBEBB6242BC5F700CCAA52 /* SliderCarouselView.xib */ = {isa = PBXFileReference; lastKnownFileType = file.xib; path = SliderCarouselView.xib; sourceTree = "<group>"; };
		1ACBEBB8242BC5FE00CCAA52 /* SliderCarouselView.swift */ = {isa = PBXFileReference; lastKnownFileType = sourcecode.swift; path = SliderCarouselView.swift; sourceTree = "<group>"; };
		3CD6AC1211CB07A9B4166236 /* Pods_AksamTests.framework */ = {isa = PBXFileReference; explicitFileType = wrapper.framework; includeInIndex = 0; path = Pods_AksamTests.framework; sourceTree = BUILT_PRODUCTS_DIR; };
		499041C30074F119C1D101E7 /* Pods-AksamTests.release.xcconfig */ = {isa = PBXFileReference; includeInIndex = 1; lastKnownFileType = text.xcconfig; name = "Pods-AksamTests.release.xcconfig"; path = "Target Support Files/Pods-AksamTests/Pods-AksamTests.release.xcconfig"; sourceTree = "<group>"; };
		57B69EC13C275823A174C044 /* Pods-Aksam.debug.xcconfig */ = {isa = PBXFileReference; includeInIndex = 1; lastKnownFileType = text.xcconfig; name = "Pods-Aksam.debug.xcconfig"; path = "Target Support Files/Pods-Aksam/Pods-Aksam.debug.xcconfig"; sourceTree = "<group>"; };
		7112FC331A10CF55AC2D5984 /* Pods-Aksam.release.xcconfig */ = {isa = PBXFileReference; includeInIndex = 1; lastKnownFileType = text.xcconfig; name = "Pods-Aksam.release.xcconfig"; path = "Target Support Files/Pods-Aksam/Pods-Aksam.release.xcconfig"; sourceTree = "<group>"; };
		EE2CB19E4185F75D0377638B /* Pods_Aksam.framework */ = {isa = PBXFileReference; explicitFileType = wrapper.framework; includeInIndex = 0; path = Pods_Aksam.framework; sourceTree = BUILT_PRODUCTS_DIR; };
/* End PBXFileReference section */

/* Begin PBXFrameworksBuildPhase section */
		1A850D252427958000802A86 /* Frameworks */ = {
			isa = PBXFrameworksBuildPhase;
			buildActionMask = 2147483647;
			files = (
				E4A147EE3256791167A74419 /* Pods_Aksam.framework in Frameworks */,
			);
			runOnlyForDeploymentPostprocessing = 0;
		};
		1A850D3B2427958200802A86 /* Frameworks */ = {
			isa = PBXFrameworksBuildPhase;
			buildActionMask = 2147483647;
			files = (
				E9505A4C4EA68EF444284A6B /* Pods_AksamTests.framework in Frameworks */,
			);
			runOnlyForDeploymentPostprocessing = 0;
		};
/* End PBXFrameworksBuildPhase section */

/* Begin PBXGroup section */
		1A6741C9242BD009001F5CA4 /* Network */ = {
			isa = PBXGroup;
			children = (
				1A6741CB242BD028001F5CA4 /* APIClient.swift */,
				1A6741CA242BD027001F5CA4 /* APIRouter.swift */,
			);
			path = Network;
			sourceTree = "<group>";
		};
		1A6741CE242BD20A001F5CA4 /* Model */ = {
			isa = PBXGroup;
			children = (
				1A6741CF242BD220001F5CA4 /* HomePageResponse.swift */,
			);
			path = Model;
			sourceTree = "<group>";
		};
		1A6741D1242BD6AC001F5CA4 /* Enums */ = {
			isa = PBXGroup;
			children = (
				1A6741D2242BD70C001F5CA4 /* SectionType.swift */,
			);
			path = Enums;
			sourceTree = "<group>";
		};
		1A850D1F2427958000802A86 = {
			isa = PBXGroup;
			children = (
				1A850D2A2427958000802A86 /* Aksam */,
				1A850D412427958200802A86 /* AksamTests */,
				1A850D292427958000802A86 /* Products */,
				9D74AA11DB7700D0BA3F73A8 /* Pods */,
				70EB363ECCEEFAADDC0FAEA4 /* Frameworks */,
			);
			sourceTree = "<group>";
		};
		1A850D292427958000802A86 /* Products */ = {
			isa = PBXGroup;
			children = (
				1A850D282427958000802A86 /* Aksam.app */,
				1A850D3E2427958200802A86 /* AksamTests.xctest */,
			);
			name = Products;
			sourceTree = "<group>";
		};
		1A850D2A2427958000802A86 /* Aksam */ = {
			isa = PBXGroup;
			children = (
				1A850D522427968100802A86 /* App */,
				1A850D4D242795B900802A86 /* Home */,
				1A6741C9242BD009001F5CA4 /* Network */,
				1A6741CE242BD20A001F5CA4 /* Model */,
				1A850D532427968E00802A86 /* SupportingFile */,
				1A850D342427958200802A86 /* Assets.xcassets */,
				1A850D362427958200802A86 /* LaunchScreen.storyboard */,
				1A850D392427958200802A86 /* Info.plist */,
			);
			path = Aksam;
			sourceTree = "<group>";
		};
		1A850D412427958200802A86 /* AksamTests */ = {
			isa = PBXGroup;
			children = (
				1A850D422427958200802A86 /* AksamTests.swift */,
				1A850D442427958200802A86 /* Info.plist */,
			);
			path = AksamTests;
			sourceTree = "<group>";
		};
		1A850D4D242795B900802A86 /* Home */ = {
			isa = PBXGroup;
			children = (
				1ACBEBB5242BC5B400CCAA52 /* CarouselView */,
				1A850D712427BA3800802A86 /* HomeTableViewCell */,
				1A850D6C2427B77F00802A86 /* LeftMenuCell */,
				1A850D4E242795DC00802A86 /* HomeViewController.swift */,
				1A850D4F242795DC00802A86 /* HomeViewController.xib */,
			);
			path = Home;
			sourceTree = "<group>";
		};
		1A850D522427968100802A86 /* App */ = {
			isa = PBXGroup;
			children = (
				1A850D2B2427958000802A86 /* AppDelegate.swift */,
				1A850D2D2427958000802A86 /* SceneDelegate.swift */,
			);
			path = App;
			sourceTree = "<group>";
		};
		1A850D532427968E00802A86 /* SupportingFile */ = {
			isa = PBXGroup;
			children = (
				1A6741D1242BD6AC001F5CA4 /* Enums */,
				1A850D672427AB0500802A86 /* Utils */,
				1A850D56242796AE00802A86 /* Protocol */,
				1A850D55242796A600802A86 /* Constant */,
				1A850D54242796A000802A86 /* Extension */,
			);
			path = SupportingFile;
			sourceTree = "<group>";
		};
		1A850D54242796A000802A86 /* Extension */ = {
			isa = PBXGroup;
			children = (
				1A850D5A242798A000802A86 /* String+Extension.swift */,
				1A850D5B242798A000802A86 /* UICollectionView+Extension.swift */,
				1A850D5C242798A000802A86 /* UITableView+Extension.swift */,
				1A850D5E242798A000802A86 /* UITextField+Extension.swift */,
				1A850D5D242798A000802A86 /* UIViewController+Extensions.swift */,
				1A850D59242798A000802A86 /* URLComponents+Extension.swift */,
			);
			path = Extension;
			sourceTree = "<group>";
		};
		1A850D55242796A600802A86 /* Constant */ = {
			isa = PBXGroup;
			children = (
				1A850D65242798AF00802A86 /* Constant.swift */,
			);
			path = Constant;
			sourceTree = "<group>";
		};
		1A850D56242796AE00802A86 /* Protocol */ = {
			isa = PBXGroup;
			children = (
				1A850D572427982B00802A86 /* Reusable.swift */,
			);
			path = Protocol;
			sourceTree = "<group>";
		};
		1A850D672427AB0500802A86 /* Utils */ = {
			isa = PBXGroup;
			children = (
				1A850D682427AB1100802A86 /* Utils.swift */,
			);
			path = Utils;
			sourceTree = "<group>";
		};
		1A850D6C2427B77F00802A86 /* LeftMenuCell */ = {
			isa = PBXGroup;
			children = (
				1A850D6D2427B7AD00802A86 /* LeftMenuTableViewCell.swift */,
				1A850D6E2427B7AD00802A86 /* LeftMenuTableViewCell.xib */,
			);
			path = LeftMenuCell;
			sourceTree = "<group>";
		};
		1A850D712427BA3800802A86 /* HomeTableViewCell */ = {
			isa = PBXGroup;
			children = (
				1A850D722427BA9900802A86 /* NewsTableViewCell.swift */,
				1A850D732427BA9900802A86 /* NewsTableViewCell.xib */,
			);
			path = HomeTableViewCell;
			sourceTree = "<group>";
		};
		1ACBEBB5242BC5B400CCAA52 /* CarouselView */ = {
			isa = PBXGroup;
			children = (
				1ACBEBB8242BC5FE00CCAA52 /* SliderCarouselView.swift */,
				1ACBEBB6242BC5F700CCAA52 /* SliderCarouselView.xib */,
			);
			path = CarouselView;
			sourceTree = "<group>";
		};
		70EB363ECCEEFAADDC0FAEA4 /* Frameworks */ = {
			isa = PBXGroup;
			children = (
				EE2CB19E4185F75D0377638B /* Pods_Aksam.framework */,
				3CD6AC1211CB07A9B4166236 /* Pods_AksamTests.framework */,
			);
			name = Frameworks;
			sourceTree = "<group>";
		};
		9D74AA11DB7700D0BA3F73A8 /* Pods */ = {
			isa = PBXGroup;
			children = (
				57B69EC13C275823A174C044 /* Pods-Aksam.debug.xcconfig */,
				7112FC331A10CF55AC2D5984 /* Pods-Aksam.release.xcconfig */,
				05C76E25676A50D8425F6968 /* Pods-AksamTests.debug.xcconfig */,
				499041C30074F119C1D101E7 /* Pods-AksamTests.release.xcconfig */,
			);
			path = Pods;
			sourceTree = "<group>";
		};
/* End PBXGroup section */

/* Begin PBXNativeTarget section */
		1A850D272427958000802A86 /* Aksam */ = {
			isa = PBXNativeTarget;
			buildConfigurationList = 1A850D472427958200802A86 /* Build configuration list for PBXNativeTarget "Aksam" */;
			buildPhases = (
				DBE0B423760665C3FB309871 /* [CP] Check Pods Manifest.lock */,
				1A850D242427958000802A86 /* Sources */,
				1A850D252427958000802A86 /* Frameworks */,
				1A850D262427958000802A86 /* Resources */,
				DE7AA2A18B45DBCB9DAA53B7 /* [CP] Embed Pods Frameworks */,
			);
			buildRules = (
			);
			dependencies = (
			);
			name = Aksam;
			productName = Aksam;
			productReference = 1A850D282427958000802A86 /* Aksam.app */;
			productType = "com.apple.product-type.application";
		};
		1A850D3D2427958200802A86 /* AksamTests */ = {
			isa = PBXNativeTarget;
			buildConfigurationList = 1A850D4A2427958200802A86 /* Build configuration list for PBXNativeTarget "AksamTests" */;
			buildPhases = (
				1E86DE70D988D965EF2B8F7A /* [CP] Check Pods Manifest.lock */,
				1A850D3A2427958200802A86 /* Sources */,
				1A850D3B2427958200802A86 /* Frameworks */,
				1A850D3C2427958200802A86 /* Resources */,
			);
			buildRules = (
			);
			dependencies = (
				1A850D402427958200802A86 /* PBXTargetDependency */,
			);
			name = AksamTests;
			productName = AksamTests;
			productReference = 1A850D3E2427958200802A86 /* AksamTests.xctest */;
			productType = "com.apple.product-type.bundle.unit-test";
		};
/* End PBXNativeTarget section */

/* Begin PBXProject section */
		1A850D202427958000802A86 /* Project object */ = {
			isa = PBXProject;
			attributes = {
				LastSwiftUpdateCheck = 1130;
				LastUpgradeCheck = 1130;
				ORGANIZATIONNAME = "emirhan battalbaş";
				TargetAttributes = {
					1A850D272427958000802A86 = {
						CreatedOnToolsVersion = 11.3.1;
					};
					1A850D3D2427958200802A86 = {
						CreatedOnToolsVersion = 11.3.1;
						TestTargetID = 1A850D272427958000802A86;
					};
				};
			};
			buildConfigurationList = 1A850D232427958000802A86 /* Build configuration list for PBXProject "Aksam" */;
			compatibilityVersion = "Xcode 9.3";
			developmentRegion = en;
			hasScannedForEncodings = 0;
			knownRegions = (
				en,
				Base,
			);
			mainGroup = 1A850D1F2427958000802A86;
			productRefGroup = 1A850D292427958000802A86 /* Products */;
			projectDirPath = "";
			projectRoot = "";
			targets = (
				1A850D272427958000802A86 /* Aksam */,
				1A850D3D2427958200802A86 /* AksamTests */,
			);
		};
/* End PBXProject section */

/* Begin PBXResourcesBuildPhase section */
		1A850D262427958000802A86 /* Resources */ = {
			isa = PBXResourcesBuildPhase;
			buildActionMask = 2147483647;
			files = (
				1A850D382427958200802A86 /* LaunchScreen.storyboard in Resources */,
				1A850D702427B7AD00802A86 /* LeftMenuTableViewCell.xib in Resources */,
				1A850D352427958200802A86 /* Assets.xcassets in Resources */,
				1A850D51242795DC00802A86 /* HomeViewController.xib in Resources */,
				1A850D752427BA9900802A86 /* NewsTableViewCell.xib in Resources */,
				1ACBEBB7242BC5F700CCAA52 /* SliderCarouselView.xib in Resources */,
			);
			runOnlyForDeploymentPostprocessing = 0;
		};
		1A850D3C2427958200802A86 /* Resources */ = {
			isa = PBXResourcesBuildPhase;
			buildActionMask = 2147483647;
			files = (
			);
			runOnlyForDeploymentPostprocessing = 0;
		};
/* End PBXResourcesBuildPhase section */

/* Begin PBXShellScriptBuildPhase section */
		1E86DE70D988D965EF2B8F7A /* [CP] Check Pods Manifest.lock */ = {
			isa = PBXShellScriptBuildPhase;
			buildActionMask = 2147483647;
			files = (
			);
			inputFileListPaths = (
			);
			inputPaths = (
				"${PODS_PODFILE_DIR_PATH}/Podfile.lock",
				"${PODS_ROOT}/Manifest.lock",
			);
			name = "[CP] Check Pods Manifest.lock";
			outputFileListPaths = (
			);
			outputPaths = (
				"$(DERIVED_FILE_DIR)/Pods-AksamTests-checkManifestLockResult.txt",
			);
			runOnlyForDeploymentPostprocessing = 0;
			shellPath = /bin/sh;
			shellScript = "diff \"${PODS_PODFILE_DIR_PATH}/Podfile.lock\" \"${PODS_ROOT}/Manifest.lock\" > /dev/null\nif [ $? != 0 ] ; then\n    # print error to STDERR\n    echo \"error: The sandbox is not in sync with the Podfile.lock. Run 'pod install' or update your CocoaPods installation.\" >&2\n    exit 1\nfi\n# This output is used by Xcode 'outputs' to avoid re-running this script phase.\necho \"SUCCESS\" > \"${SCRIPT_OUTPUT_FILE_0}\"\n";
			showEnvVarsInLog = 0;
		};
		DBE0B423760665C3FB309871 /* [CP] Check Pods Manifest.lock */ = {
			isa = PBXShellScriptBuildPhase;
			buildActionMask = 2147483647;
			files = (
			);
			inputFileListPaths = (
			);
			inputPaths = (
				"${PODS_PODFILE_DIR_PATH}/Podfile.lock",
				"${PODS_ROOT}/Manifest.lock",
			);
			name = "[CP] Check Pods Manifest.lock";
			outputFileListPaths = (
			);
			outputPaths = (
				"$(DERIVED_FILE_DIR)/Pods-Aksam-checkManifestLockResult.txt",
			);
			runOnlyForDeploymentPostprocessing = 0;
			shellPath = /bin/sh;
			shellScript = "diff \"${PODS_PODFILE_DIR_PATH}/Podfile.lock\" \"${PODS_ROOT}/Manifest.lock\" > /dev/null\nif [ $? != 0 ] ; then\n    # print error to STDERR\n    echo \"error: The sandbox is not in sync with the Podfile.lock. Run 'pod install' or update your CocoaPods installation.\" >&2\n    exit 1\nfi\n# This output is used by Xcode 'outputs' to avoid re-running this script phase.\necho \"SUCCESS\" > \"${SCRIPT_OUTPUT_FILE_0}\"\n";
			showEnvVarsInLog = 0;
		};
		DE7AA2A18B45DBCB9DAA53B7 /* [CP] Embed Pods Frameworks */ = {
			isa = PBXShellScriptBuildPhase;
			buildActionMask = 2147483647;
			files = (
			);
			inputFileListPaths = (
				"${PODS_ROOT}/Target Support Files/Pods-Aksam/Pods-Aksam-frameworks-${CONFIGURATION}-input-files.xcfilelist",
			);
			name = "[CP] Embed Pods Frameworks";
			outputFileListPaths = (
				"${PODS_ROOT}/Target Support Files/Pods-Aksam/Pods-Aksam-frameworks-${CONFIGURATION}-output-files.xcfilelist",
			);
			runOnlyForDeploymentPostprocessing = 0;
			shellPath = /bin/sh;
			shellScript = "\"${PODS_ROOT}/Target Support Files/Pods-Aksam/Pods-Aksam-frameworks.sh\"\n";
			showEnvVarsInLog = 0;
		};
/* End PBXShellScriptBuildPhase section */

/* Begin PBXSourcesBuildPhase section */
		1A850D242427958000802A86 /* Sources */ = {
			isa = PBXSourcesBuildPhase;
			buildActionMask = 2147483647;
			files = (
				1ACBEBB9242BC5FE00CCAA52 /* SliderCarouselView.swift in Sources */,
				1A6741CD242BD028001F5CA4 /* APIClient.swift in Sources */,
				1A850D5F242798A000802A86 /* URLComponents+Extension.swift in Sources */,
				1A850D61242798A000802A86 /* UICollectionView+Extension.swift in Sources */,
				1A850D582427982B00802A86 /* Reusable.swift in Sources */,
				1A850D60242798A000802A86 /* String+Extension.swift in Sources */,
				1A6741CC242BD028001F5CA4 /* APIRouter.swift in Sources */,
				1A850D63242798A000802A86 /* UIViewController+Extensions.swift in Sources */,
				1A850D64242798A000802A86 /* UITextField+Extension.swift in Sources */,
				1A850D2C2427958000802A86 /* AppDelegate.swift in Sources */,
				1A850D2E2427958000802A86 /* SceneDelegate.swift in Sources */,
				1A850D742427BA9900802A86 /* NewsTableViewCell.swift in Sources */,
				1A850D66242798AF00802A86 /* Constant.swift in Sources */,
				1A850D6F2427B7AD00802A86 /* LeftMenuTableViewCell.swift in Sources */,
				1A850D50242795DC00802A86 /* HomeViewController.swift in Sources */,
				1A850D62242798A000802A86 /* UITableView+Extension.swift in Sources */,
				1A6741D0242BD220001F5CA4 /* HomePageResponse.swift in Sources */,
				1A6741D3242BD70C001F5CA4 /* SectionType.swift in Sources */,
				1A850D692427AB1100802A86 /* Utils.swift in Sources */,
			);
			runOnlyForDeploymentPostprocessing = 0;
		};
		1A850D3A2427958200802A86 /* Sources */ = {
			isa = PBXSourcesBuildPhase;
			buildActionMask = 2147483647;
			files = (
				1A850D432427958200802A86 /* AksamTests.swift in Sources */,
			);
			runOnlyForDeploymentPostprocessing = 0;
		};
/* End PBXSourcesBuildPhase section */

/* Begin PBXTargetDependency section */
		1A850D402427958200802A86 /* PBXTargetDependency */ = {
			isa = PBXTargetDependency;
			target = 1A850D272427958000802A86 /* Aksam */;
			targetProxy = 1A850D3F2427958200802A86 /* PBXContainerItemProxy */;
		};
/* End PBXTargetDependency section */

/* Begin PBXVariantGroup section */
		1A850D362427958200802A86 /* LaunchScreen.storyboard */ = {
			isa = PBXVariantGroup;
			children = (
				1A850D372427958200802A86 /* Base */,
			);
			name = LaunchScreen.storyboard;
			sourceTree = "<group>";
		};
/* End PBXVariantGroup section */

/* Begin XCBuildConfiguration section */
		1A850D452427958200802A86 /* Debug */ = {
			isa = XCBuildConfiguration;
			buildSettings = {
				ALWAYS_SEARCH_USER_PATHS = NO;
				CLANG_ANALYZER_NONNULL = YES;
				CLANG_ANALYZER_NUMBER_OBJECT_CONVERSION = YES_AGGRESSIVE;
				CLANG_CXX_LANGUAGE_STANDARD = "gnu++14";
				CLANG_CXX_LIBRARY = "libc++";
				CLANG_ENABLE_MODULES = YES;
				CLANG_ENABLE_OBJC_ARC = YES;
				CLANG_ENABLE_OBJC_WEAK = YES;
				CLANG_WARN_BLOCK_CAPTURE_AUTORELEASING = YES;
				CLANG_WARN_BOOL_CONVERSION = YES;
				CLANG_WARN_COMMA = YES;
				CLANG_WARN_CONSTANT_CONVERSION = YES;
				CLANG_WARN_DEPRECATED_OBJC_IMPLEMENTATIONS = YES;
				CLANG_WARN_DIRECT_OBJC_ISA_USAGE = YES_ERROR;
				CLANG_WARN_DOCUMENTATION_COMMENTS = YES;
				CLANG_WARN_EMPTY_BODY = YES;
				CLANG_WARN_ENUM_CONVERSION = YES;
				CLANG_WARN_INFINITE_RECURSION = YES;
				CLANG_WARN_INT_CONVERSION = YES;
				CLANG_WARN_NON_LITERAL_NULL_CONVERSION = YES;
				CLANG_WARN_OBJC_IMPLICIT_RETAIN_SELF = YES;
				CLANG_WARN_OBJC_LITERAL_CONVERSION = YES;
				CLANG_WARN_OBJC_ROOT_CLASS = YES_ERROR;
				CLANG_WARN_RANGE_LOOP_ANALYSIS = YES;
				CLANG_WARN_STRICT_PROTOTYPES = YES;
				CLANG_WARN_SUSPICIOUS_MOVE = YES;
				CLANG_WARN_UNGUARDED_AVAILABILITY = YES_AGGRESSIVE;
				CLANG_WARN_UNREACHABLE_CODE = YES;
				CLANG_WARN__DUPLICATE_METHOD_MATCH = YES;
				COPY_PHASE_STRIP = NO;
				DEBUG_INFORMATION_FORMAT = dwarf;
				ENABLE_STRICT_OBJC_MSGSEND = YES;
				ENABLE_TESTABILITY = YES;
				GCC_C_LANGUAGE_STANDARD = gnu11;
				GCC_DYNAMIC_NO_PIC = NO;
				GCC_NO_COMMON_BLOCKS = YES;
				GCC_OPTIMIZATION_LEVEL = 0;
				GCC_PREPROCESSOR_DEFINITIONS = (
					"DEBUG=1",
					"$(inherited)",
				);
				GCC_WARN_64_TO_32_BIT_CONVERSION = YES;
				GCC_WARN_ABOUT_RETURN_TYPE = YES_ERROR;
				GCC_WARN_UNDECLARED_SELECTOR = YES;
				GCC_WARN_UNINITIALIZED_AUTOS = YES_AGGRESSIVE;
				GCC_WARN_UNUSED_FUNCTION = YES;
				GCC_WARN_UNUSED_VARIABLE = YES;
				IPHONEOS_DEPLOYMENT_TARGET = 13.2;
				MTL_ENABLE_DEBUG_INFO = INCLUDE_SOURCE;
				MTL_FAST_MATH = YES;
				ONLY_ACTIVE_ARCH = YES;
				SDKROOT = iphoneos;
				SWIFT_ACTIVE_COMPILATION_CONDITIONS = DEBUG;
				SWIFT_OPTIMIZATION_LEVEL = "-Onone";
			};
			name = Debug;
		};
		1A850D462427958200802A86 /* Release */ = {
			isa = XCBuildConfiguration;
			buildSettings = {
				ALWAYS_SEARCH_USER_PATHS = NO;
				CLANG_ANALYZER_NONNULL = YES;
				CLANG_ANALYZER_NUMBER_OBJECT_CONVERSION = YES_AGGRESSIVE;
				CLANG_CXX_LANGUAGE_STANDARD = "gnu++14";
				CLANG_CXX_LIBRARY = "libc++";
				CLANG_ENABLE_MODULES = YES;
				CLANG_ENABLE_OBJC_ARC = YES;
				CLANG_ENABLE_OBJC_WEAK = YES;
				CLANG_WARN_BLOCK_CAPTURE_AUTORELEASING = YES;
				CLANG_WARN_BOOL_CONVERSION = YES;
				CLANG_WARN_COMMA = YES;
				CLANG_WARN_CONSTANT_CONVERSION = YES;
				CLANG_WARN_DEPRECATED_OBJC_IMPLEMENTATIONS = YES;
				CLANG_WARN_DIRECT_OBJC_ISA_USAGE = YES_ERROR;
				CLANG_WARN_DOCUMENTATION_COMMENTS = YES;
				CLANG_WARN_EMPTY_BODY = YES;
				CLANG_WARN_ENUM_CONVERSION = YES;
				CLANG_WARN_INFINITE_RECURSION = YES;
				CLANG_WARN_INT_CONVERSION = YES;
				CLANG_WARN_NON_LITERAL_NULL_CONVERSION = YES;
				CLANG_WARN_OBJC_IMPLICIT_RETAIN_SELF = YES;
				CLANG_WARN_OBJC_LITERAL_CONVERSION = YES;
				CLANG_WARN_OBJC_ROOT_CLASS = YES_ERROR;
				CLANG_WARN_RANGE_LOOP_ANALYSIS = YES;
				CLANG_WARN_STRICT_PROTOTYPES = YES;
				CLANG_WARN_SUSPICIOUS_MOVE = YES;
				CLANG_WARN_UNGUARDED_AVAILABILITY = YES_AGGRESSIVE;
				CLANG_WARN_UNREACHABLE_CODE = YES;
				CLANG_WARN__DUPLICATE_METHOD_MATCH = YES;
				COPY_PHASE_STRIP = NO;
				DEBUG_INFORMATION_FORMAT = "dwarf-with-dsym";
				ENABLE_NS_ASSERTIONS = NO;
				ENABLE_STRICT_OBJC_MSGSEND = YES;
				GCC_C_LANGUAGE_STANDARD = gnu11;
				GCC_NO_COMMON_BLOCKS = YES;
				GCC_WARN_64_TO_32_BIT_CONVERSION = YES;
				GCC_WARN_ABOUT_RETURN_TYPE = YES_ERROR;
				GCC_WARN_UNDECLARED_SELECTOR = YES;
				GCC_WARN_UNINITIALIZED_AUTOS = YES_AGGRESSIVE;
				GCC_WARN_UNUSED_FUNCTION = YES;
				GCC_WARN_UNUSED_VARIABLE = YES;
				IPHONEOS_DEPLOYMENT_TARGET = 13.2;
				MTL_ENABLE_DEBUG_INFO = NO;
				MTL_FAST_MATH = YES;
				SDKROOT = iphoneos;
				SWIFT_COMPILATION_MODE = wholemodule;
				SWIFT_OPTIMIZATION_LEVEL = "-O";
				VALIDATE_PRODUCT = YES;
			};
			name = Release;
		};
		1A850D482427958200802A86 /* Debug */ = {
			isa = XCBuildConfiguration;
			baseConfigurationReference = 57B69EC13C275823A174C044 /* Pods-Aksam.debug.xcconfig */;
			buildSettings = {
				ASSETCATALOG_COMPILER_APPICON_NAME = AppIcon;
				CODE_SIGN_STYLE = Automatic;
				DEVELOPMENT_TEAM = 88MUA8FE52;
				INFOPLIST_FILE = Aksam/Info.plist;
				LD_RUNPATH_SEARCH_PATHS = (
					"$(inherited)",
					"@executable_path/Frameworks",
				);
				PRODUCT_BUNDLE_IDENTIFIER = com.solidict.Aksam;
				PRODUCT_NAME = "$(TARGET_NAME)";
				SWIFT_VERSION = 5.0;
				TARGETED_DEVICE_FAMILY = "1,2";
			};
			name = Debug;
		};
		1A850D492427958200802A86 /* Release */ = {
			isa = XCBuildConfiguration;
			baseConfigurationReference = 7112FC331A10CF55AC2D5984 /* Pods-Aksam.release.xcconfig */;
			buildSettings = {
				ASSETCATALOG_COMPILER_APPICON_NAME = AppIcon;
				CODE_SIGN_STYLE = Automatic;
				DEVELOPMENT_TEAM = 88MUA8FE52;
				INFOPLIST_FILE = Aksam/Info.plist;
				LD_RUNPATH_SEARCH_PATHS = (
					"$(inherited)",
					"@executable_path/Frameworks",
				);
				PRODUCT_BUNDLE_IDENTIFIER = com.solidict.Aksam;
				PRODUCT_NAME = "$(TARGET_NAME)";
				SWIFT_VERSION = 5.0;
				TARGETED_DEVICE_FAMILY = "1,2";
			};
			name = Release;
		};
		1A850D4B2427958200802A86 /* Debug */ = {
			isa = XCBuildConfiguration;
			baseConfigurationReference = 05C76E25676A50D8425F6968 /* Pods-AksamTests.debug.xcconfig */;
			buildSettings = {
				ALWAYS_EMBED_SWIFT_STANDARD_LIBRARIES = YES;
				BUNDLE_LOADER = "$(TEST_HOST)";
				CODE_SIGN_STYLE = Automatic;
				DEVELOPMENT_TEAM = 88MUA8FE52;
				INFOPLIST_FILE = AksamTests/Info.plist;
				IPHONEOS_DEPLOYMENT_TARGET = 13.2;
				LD_RUNPATH_SEARCH_PATHS = (
					"$(inherited)",
					"@executable_path/Frameworks",
					"@loader_path/Frameworks",
				);
				PRODUCT_BUNDLE_IDENTIFIER = com.solidict.AksamTests;
				PRODUCT_NAME = "$(TARGET_NAME)";
				SWIFT_VERSION = 5.0;
				TARGETED_DEVICE_FAMILY = "1,2";
				TEST_HOST = "$(BUILT_PRODUCTS_DIR)/Aksam.app/Aksam";
			};
			name = Debug;
		};
		1A850D4C2427958200802A86 /* Release */ = {
			isa = XCBuildConfiguration;
			baseConfigurationReference = 499041C30074F119C1D101E7 /* Pods-AksamTests.release.xcconfig */;
			buildSettings = {
				ALWAYS_EMBED_SWIFT_STANDARD_LIBRARIES = YES;
				BUNDLE_LOADER = "$(TEST_HOST)";
				CODE_SIGN_STYLE = Automatic;
				DEVELOPMENT_TEAM = 88MUA8FE52;
				INFOPLIST_FILE = AksamTests/Info.plist;
				IPHONEOS_DEPLOYMENT_TARGET = 13.2;
				LD_RUNPATH_SEARCH_PATHS = (
					"$(inherited)",
					"@executable_path/Frameworks",
					"@loader_path/Frameworks",
				);
				PRODUCT_BUNDLE_IDENTIFIER = com.solidict.AksamTests;
				PRODUCT_NAME = "$(TARGET_NAME)";
				SWIFT_VERSION = 5.0;
				TARGETED_DEVICE_FAMILY = "1,2";
				TEST_HOST = "$(BUILT_PRODUCTS_DIR)/Aksam.app/Aksam";
			};
			name = Release;
		};
/* End XCBuildConfiguration section */

/* Begin XCConfigurationList section */
		1A850D232427958000802A86 /* Build configuration list for PBXProject "Aksam" */ = {
			isa = XCConfigurationList;
			buildConfigurations = (
				1A850D452427958200802A86 /* Debug */,
				1A850D462427958200802A86 /* Release */,
			);
			defaultConfigurationIsVisible = 0;
			defaultConfigurationName = Release;
		};
		1A850D472427958200802A86 /* Build configuration list for PBXNativeTarget "Aksam" */ = {
			isa = XCConfigurationList;
			buildConfigurations = (
				1A850D482427958200802A86 /* Debug */,
				1A850D492427958200802A86 /* Release */,
			);
			defaultConfigurationIsVisible = 0;
			defaultConfigurationName = Release;
		};
		1A850D4A2427958200802A86 /* Build configuration list for PBXNativeTarget "AksamTests" */ = {
			isa = XCConfigurationList;
			buildConfigurations = (
				1A850D4B2427958200802A86 /* Debug */,
				1A850D4C2427958200802A86 /* Release */,
			);
			defaultConfigurationIsVisible = 0;
			defaultConfigurationName = Release;
		};
/* End XCConfigurationList section */
	};
	rootObject = 1A850D202427958000802A86 /* Project object */;
}
