// !$*UTF8*$!
{
	archiveVersion = 1;
	classes = {
	};
	objectVersion = 50;
	objects = {

/* Begin PBXBuildFile section */
		1A850D2C2427958000802A86 /* AppDelegate.swift in Sources */ = {isa = PBXBuildFile; fileRef = 1A850D2B2427958000802A86 /* AppDelegate.swift */; };
		1A850D2E2427958000802A86 /* SceneDelegate.swift in Sources */ = {isa = PBXBuildFile; fileRef = 1A850D2D2427958000802A86 /* SceneDelegate.swift */; };
		1A850D302427958000802A86 /* ViewController.swift in Sources */ = {isa = PBXBuildFile; fileRef = 1A850D2F2427958000802A86 /* ViewController.swift */; };
		1A850D332427958000802A86 /* Main.storyboard in Resources */ = {isa = PBXBuildFile; fileRef = 1A850D312427958000802A86 /* Main.storyboard */; };
		1A850D352427958200802A86 /* Assets.xcassets in Resources */ = {isa = PBXBuildFile; fileRef = 1A850D342427958200802A86 /* Assets.xcassets */; };
		1A850D382427958200802A86 /* LaunchScreen.storyboard in Resources */ = {isa = PBXBuildFile; fileRef = 1A850D362427958200802A86 /* LaunchScreen.storyboard */; };
		1A850D432427958200802A86 /* AksamTests.swift in Sources */ = {isa = PBXBuildFile; fileRef = 1A850D422427958200802A86 /* AksamTests.swift */; };
/* End PBXBuildFile section */

/* Begin PBXContainerItemProxy section */
		1A850D3F2427958200802A86 /* PBXContainerItemProxy */ = {
			isa = PBXContainerItemProxy;
			containerPortal = 1A850D202427958000802A86 /* Project object */;
			proxyType = 1;
			remoteGlobalIDString = 1A850D272427958000802A86;
			remoteInfo = Aksam;
		};
/* End PBXContainerItemProxy section */

/* Begin PBXFileReference section */
		1A850D282427958000802A86 /* Aksam.app */ = {isa = PBXFileReference; explicitFileType = wrapper.application; includeInIndex = 0; path = Aksam.app; sourceTree = BUILT_PRODUCTS_DIR; };
		1A850D2B2427958000802A86 /* AppDelegate.swift */ = {isa = PBXFileReference; lastKnownFileType = sourcecode.swift; path = AppDelegate.swift; sourceTree = "<group>"; };
		1A850D2D2427958000802A86 /* SceneDelegate.swift */ = {isa = PBXFileReference; lastKnownFileType = sourcecode.swift; path = SceneDelegate.swift; sourceTree = "<group>"; };
		1A850D2F2427958000802A86 /* ViewController.swift */ = {isa = PBXFileReference; lastKnownFileType = sourcecode.swift; path = ViewController.swift; sourceTree = "<group>"; };
		1A850D322427958000802A86 /* Base */ = {isa = PBXFileReference; lastKnownFileType = file.storyboard; name = Base; path = Base.lproj/Main.storyboard; sourceTree = "<group>"; };
		1A850D342427958200802A86 /* Assets.xcassets */ = {isa = PBXFileReference; lastKnownFileType = folder.assetcatalog; path = Assets.xcassets; sourceTree = "<group>"; };
		1A850D372427958200802A86 /* Base */ = {isa = PBXFileReference; lastKnownFileType = file.storyboard; name = Base; path = Base.lproj/LaunchScreen.storyboard; sourceTree = "<group>"; };
		1A850D392427958200802A86 /* Info.plist */ = {isa = PBXFileReference; lastKnownFileType = text.plist.xml; path = Info.plist; sourceTree = "<group>"; };
		1A850D3E2427958200802A86 /* AksamTests.xctest */ = {isa = PBXFileReference; explicitFileType = wrapper.cfbundle; includeInIndex = 0; path = AksamTests.xctest; sourceTree = BUILT_PRODUCTS_DIR; };
		1A850D422427958200802A86 /* AksamTests.swift */ = {isa = PBXFileReference; lastKnownFileType = sourcecode.swift; path = AksamTests.swift; sourceTree = "<group>"; };
		1A850D442427958200802A86 /* Info.plist */ = {isa = PBXFileReference; lastKnownFileType = text.plist.xml; path = Info.plist; sourceTree = "<group>"; };
/* End PBXFileReference section */

/* Begin PBXFrameworksBuildPhase section */
		1A850D252427958000802A86 /* Frameworks */ = {
			isa = PBXFrameworksBuildPhase;
			buildActionMask = 2147483647;
			files = (
			);
			runOnlyForDeploymentPostprocessing = 0;
		};
		1A850D3B2427958200802A86 /* Frameworks */ = {
			isa = PBXFrameworksBuildPhase;
			buildActionMask = 2147483647;
			files = (
			);
			runOnlyForDeploymentPostprocessing = 0;
		};
/* End PBXFrameworksBuildPhase section */

/* Begin PBXGroup section */
		1A850D1F2427958000802A86 = {
			isa = PBXGroup;
			children = (
				1A850D2A2427958000802A86 /* Aksam */,
				1A850D412427958200802A86 /* AksamTests */,
				1A850D292427958000802A86 /* Products */,
			);
			sourceTree = "<group>";
		};
		1A850D292427958000802A86 /* Products */ = {
			isa = PBXGroup;
			children = (
				1A850D282427958000802A86 /* Aksam.app */,
				1A850D3E2427958200802A86 /* AksamTests.xctest */,
			);
			name = Products;
			sourceTree = "<group>";
		};
		1A850D2A2427958000802A86 /* Aksam */ = {
			isa = PBXGroup;
			children = (
				1A850D2B2427958000802A86 /* AppDelegate.swift */,
				1A850D2D2427958000802A86 /* SceneDelegate.swift */,
				1A850D2F2427958000802A86 /* ViewController.swift */,
				1A850D312427958000802A86 /* Main.storyboard */,
				1A850D342427958200802A86 /* Assets.xcassets */,
				1A850D362427958200802A86 /* LaunchScreen.storyboard */,
				1A850D392427958200802A86 /* Info.plist */,
			);
			path = Aksam;
			sourceTree = "<group>";
		};
		1A850D412427958200802A86 /* AksamTests */ = {
			isa = PBXGroup;
			children = (
				1A850D422427958200802A86 /* AksamTests.swift */,
				1A850D442427958200802A86 /* Info.plist */,
			);
			path = AksamTests;
			sourceTree = "<group>";
		};
/* End PBXGroup section */

/* Begin PBXNativeTarget section */
		1A850D272427958000802A86 /* Aksam */ = {
			isa = PBXNativeTarget;
			buildConfigurationList = 1A850D472427958200802A86 /* Build configuration list for PBXNativeTarget "Aksam" */;
			buildPhases = (
				1A850D242427958000802A86 /* Sources */,
				1A850D252427958000802A86 /* Frameworks */,
				1A850D262427958000802A86 /* Resources */,
			);
			buildRules = (
			);
			dependencies = (
			);
			name = Aksam;
			productName = Aksam;
			productReference = 1A850D282427958000802A86 /* Aksam.app */;
			productType = "com.apple.product-type.application";
		};
		1A850D3D2427958200802A86 /* AksamTests */ = {
			isa = PBXNativeTarget;
			buildConfigurationList = 1A850D4A2427958200802A86 /* Build configuration list for PBXNativeTarget "AksamTests" */;
			buildPhases = (
				1A850D3A2427958200802A86 /* Sources */,
				1A850D3B2427958200802A86 /* Frameworks */,
				1A850D3C2427958200802A86 /* Resources */,
			);
			buildRules = (
			);
			dependencies = (
				1A850D402427958200802A86 /* PBXTargetDependency */,
			);
			name = AksamTests;
			productName = AksamTests;
			productReference = 1A850D3E2427958200802A86 /* AksamTests.xctest */;
			productType = "com.apple.product-type.bundle.unit-test";
		};
/* End PBXNativeTarget section */

/* Begin PBXProject section */
		1A850D202427958000802A86 /* Project object */ = {
			isa = PBXProject;
			attributes = {
				LastSwiftUpdateCheck = 1130;
				LastUpgradeCheck = 1130;
				ORGANIZATIONNAME = "emirhan battalbaş";
				TargetAttributes = {
					1A850D272427958000802A86 = {
						CreatedOnToolsVersion = 11.3.1;
					};
					1A850D3D2427958200802A86 = {
						CreatedOnToolsVersion = 11.3.1;
						TestTargetID = 1A850D272427958000802A86;
					};
				};
			};
			buildConfigurationList = 1A850D232427958000802A86 /* Build configuration list for PBXProject "Aksam" */;
			compatibilityVersion = "Xcode 9.3";
			developmentRegion = en;
			hasScannedForEncodings = 0;
			knownRegions = (
				en,
				Base,
			);
			mainGroup = 1A850D1F2427958000802A86;
			productRefGroup = 1A850D292427958000802A86 /* Products */;
			projectDirPath = "";
			projectRoot = "";
			targets = (
				1A850D272427958000802A86 /* Aksam */,
				1A850D3D2427958200802A86 /* AksamTests */,
			);
		};
/* End PBXProject section */

/* Begin PBXResourcesBuildPhase section */
		1A850D262427958000802A86 /* Resources */ = {
			isa = PBXResourcesBuildPhase;
			buildActionMask = 2147483647;
			files = (
				1A850D382427958200802A86 /* LaunchScreen.storyboard in Resources */,
				1A850D352427958200802A86 /* Assets.xcassets in Resources */,
				1A850D332427958000802A86 /* Main.storyboard in Resources */,
			);
			runOnlyForDeploymentPostprocessing = 0;
		};
		1A850D3C2427958200802A86 /* Resources */ = {
			isa = PBXResourcesBuildPhase;
			buildActionMask = 2147483647;
			files = (
			);
			runOnlyForDeploymentPostprocessing = 0;
		};
/* End PBXResourcesBuildPhase section */

/* Begin PBXSourcesBuildPhase section */
		1A850D242427958000802A86 /* Sources */ = {
			isa = PBXSourcesBuildPhase;
			buildActionMask = 2147483647;
			files = (
				1A850D302427958000802A86 /* ViewController.swift in Sources */,
				1A850D2C2427958000802A86 /* AppDelegate.swift in Sources */,
				1A850D2E2427958000802A86 /* SceneDelegate.swift in Sources */,
			);
			runOnlyForDeploymentPostprocessing = 0;
		};
		1A850D3A2427958200802A86 /* Sources */ = {
			isa = PBXSourcesBuildPhase;
			buildActionMask = 2147483647;
			files = (
				1A850D432427958200802A86 /* AksamTests.swift in Sources */,
			);
			runOnlyForDeploymentPostprocessing = 0;
		};
/* End PBXSourcesBuildPhase section */

/* Begin PBXTargetDependency section */
		1A850D402427958200802A86 /* PBXTargetDependency */ = {
			isa = PBXTargetDependency;
			target = 1A850D272427958000802A86 /* Aksam */;
			targetProxy = 1A850D3F2427958200802A86 /* PBXContainerItemProxy */;
		};
/* End PBXTargetDependency section */

/* Begin PBXVariantGroup section */
		1A850D312427958000802A86 /* Main.storyboard */ = {
			isa = PBXVariantGroup;
			children = (
				1A850D322427958000802A86 /* Base */,
			);
			name = Main.storyboard;
			sourceTree = "<group>";
		};
		1A850D362427958200802A86 /* LaunchScreen.storyboard */ = {
			isa = PBXVariantGroup;
			children = (
				1A850D372427958200802A86 /* Base */,
			);
			name = LaunchScreen.storyboard;
			sourceTree = "<group>";
		};
/* End PBXVariantGroup section */

/* Begin XCBuildConfiguration section */
		1A850D452427958200802A86 /* Debug */ = {
			isa = XCBuildConfiguration;
			buildSettings = {
				ALWAYS_SEARCH_USER_PATHS = NO;
				CLANG_ANALYZER_NONNULL = YES;
				CLANG_ANALYZER_NUMBER_OBJECT_CONVERSION = YES_AGGRESSIVE;
				CLANG_CXX_LANGUAGE_STANDARD = "gnu++14";
				CLANG_CXX_LIBRARY = "libc++";
				CLANG_ENABLE_MODULES = YES;
				CLANG_ENABLE_OBJC_ARC = YES;
				CLANG_ENABLE_OBJC_WEAK = YES;
				CLANG_WARN_BLOCK_CAPTURE_AUTORELEASING = YES;
				CLANG_WARN_BOOL_CONVERSION = YES;
				CLANG_WARN_COMMA = YES;
				CLANG_WARN_CONSTANT_CONVERSION = YES;
				CLANG_WARN_DEPRECATED_OBJC_IMPLEMENTATIONS = YES;
				CLANG_WARN_DIRECT_OBJC_ISA_USAGE = YES_ERROR;
				CLANG_WARN_DOCUMENTATION_COMMENTS = YES;
				CLANG_WARN_EMPTY_BODY = YES;
				CLANG_WARN_ENUM_CONVERSION = YES;
				CLANG_WARN_INFINITE_RECURSION = YES;
				CLANG_WARN_INT_CONVERSION = YES;
				CLANG_WARN_NON_LITERAL_NULL_CONVERSION = YES;
				CLANG_WARN_OBJC_IMPLICIT_RETAIN_SELF = YES;
				CLANG_WARN_OBJC_LITERAL_CONVERSION = YES;
				CLANG_WARN_OBJC_ROOT_CLASS = YES_ERROR;
				CLANG_WARN_RANGE_LOOP_ANALYSIS = YES;
				CLANG_WARN_STRICT_PROTOTYPES = YES;
				CLANG_WARN_SUSPICIOUS_MOVE = YES;
				CLANG_WARN_UNGUARDED_AVAILABILITY = YES_AGGRESSIVE;
				CLANG_WARN_UNREACHABLE_CODE = YES;
				CLANG_WARN__DUPLICATE_METHOD_MATCH = YES;
				COPY_PHASE_STRIP = NO;
				DEBUG_INFORMATION_FORMAT = dwarf;
				ENABLE_STRICT_OBJC_MSGSEND = YES;
				ENABLE_TESTABILITY = YES;
				GCC_C_LANGUAGE_STANDARD = gnu11;
				GCC_DYNAMIC_NO_PIC = NO;
				GCC_NO_COMMON_BLOCKS = YES;
				GCC_OPTIMIZATION_LEVEL = 0;
				GCC_PREPROCESSOR_DEFINITIONS = (
					"DEBUG=1",
					"$(inherited)",
				);
				GCC_WARN_64_TO_32_BIT_CONVERSION = YES;
				GCC_WARN_ABOUT_RETURN_TYPE = YES_ERROR;
				GCC_WARN_UNDECLARED_SELECTOR = YES;
				GCC_WARN_UNINITIALIZED_AUTOS = YES_AGGRESSIVE;
				GCC_WARN_UNUSED_FUNCTION = YES;
				GCC_WARN_UNUSED_VARIABLE = YES;
				IPHONEOS_DEPLOYMENT_TARGET = 13.2;
				MTL_ENABLE_DEBUG_INFO = INCLUDE_SOURCE;
				MTL_FAST_MATH = YES;
				ONLY_ACTIVE_ARCH = YES;
				SDKROOT = iphoneos;
				SWIFT_ACTIVE_COMPILATION_CONDITIONS = DEBUG;
				SWIFT_OPTIMIZATION_LEVEL = "-Onone";
			};
			name = Debug;
		};
		1A850D462427958200802A86 /* Release */ = {
			isa = XCBuildConfiguration;
			buildSettings = {
				ALWAYS_SEARCH_USER_PATHS = NO;
				CLANG_ANALYZER_NONNULL = YES;
				CLANG_ANALYZER_NUMBER_OBJECT_CONVERSION = YES_AGGRESSIVE;
				CLANG_CXX_LANGUAGE_STANDARD = "gnu++14";
				CLANG_CXX_LIBRARY = "libc++";
				CLANG_ENABLE_MODULES = YES;
				CLANG_ENABLE_OBJC_ARC = YES;
				CLANG_ENABLE_OBJC_WEAK = YES;
				CLANG_WARN_BLOCK_CAPTURE_AUTORELEASING = YES;
				CLANG_WARN_BOOL_CONVERSION = YES;
				CLANG_WARN_COMMA = YES;
				CLANG_WARN_CONSTANT_CONVERSION = YES;
				CLANG_WARN_DEPRECATED_OBJC_IMPLEMENTATIONS = YES;
				CLANG_WARN_DIRECT_OBJC_ISA_USAGE = YES_ERROR;
				CLANG_WARN_DOCUMENTATION_COMMENTS = YES;
				CLANG_WARN_EMPTY_BODY = YES;
				CLANG_WARN_ENUM_CONVERSION = YES;
				CLANG_WARN_INFINITE_RECURSION = YES;
				CLANG_WARN_INT_CONVERSION = YES;
				CLANG_WARN_NON_LITERAL_NULL_CONVERSION = YES;
				CLANG_WARN_OBJC_IMPLICIT_RETAIN_SELF = YES;
				CLANG_WARN_OBJC_LITERAL_CONVERSION = YES;
				CLANG_WARN_OBJC_ROOT_CLASS = YES_ERROR;
				CLANG_WARN_RANGE_LOOP_ANALYSIS = YES;
				CLANG_WARN_STRICT_PROTOTYPES = YES;
				CLANG_WARN_SUSPICIOUS_MOVE = YES;
				CLANG_WARN_UNGUARDED_AVAILABILITY = YES_AGGRESSIVE;
				CLANG_WARN_UNREACHABLE_CODE = YES;
				CLANG_WARN__DUPLICATE_METHOD_MATCH = YES;
				COPY_PHASE_STRIP = NO;
				DEBUG_INFORMATION_FORMAT = "dwarf-with-dsym";
				ENABLE_NS_ASSERTIONS = NO;
				ENABLE_STRICT_OBJC_MSGSEND = YES;
				GCC_C_LANGUAGE_STANDARD = gnu11;
				GCC_NO_COMMON_BLOCKS = YES;
				GCC_WARN_64_TO_32_BIT_CONVERSION = YES;
				GCC_WARN_ABOUT_RETURN_TYPE = YES_ERROR;
				GCC_WARN_UNDECLARED_SELECTOR = YES;
				GCC_WARN_UNINITIALIZED_AUTOS = YES_AGGRESSIVE;
				GCC_WARN_UNUSED_FUNCTION = YES;
				GCC_WARN_UNUSED_VARIABLE = YES;
				IPHONEOS_DEPLOYMENT_TARGET = 13.2;
				MTL_ENABLE_DEBUG_INFO = NO;
				MTL_FAST_MATH = YES;
				SDKROOT = iphoneos;
				SWIFT_COMPILATION_MODE = wholemodule;
				SWIFT_OPTIMIZATION_LEVEL = "-O";
				VALIDATE_PRODUCT = YES;
			};
			name = Release;
		};
		1A850D482427958200802A86 /* Debug */ = {
			isa = XCBuildConfiguration;
			buildSettings = {
				ASSETCATALOG_COMPILER_APPICON_NAME = AppIcon;
				CODE_SIGN_STYLE = Automatic;
				DEVELOPMENT_TEAM = 88MUA8FE52;
				INFOPLIST_FILE = Aksam/Info.plist;
				LD_RUNPATH_SEARCH_PATHS = (
					"$(inherited)",
					"@executable_path/Frameworks",
				);
				PRODUCT_BUNDLE_IDENTIFIER = com.solidict.Aksam;
				PRODUCT_NAME = "$(TARGET_NAME)";
				SWIFT_VERSION = 5.0;
				TARGETED_DEVICE_FAMILY = "1,2";
			};
			name = Debug;
		};
		1A850D492427958200802A86 /* Release */ = {
			isa = XCBuildConfiguration;
			buildSettings = {
				ASSETCATALOG_COMPILER_APPICON_NAME = AppIcon;
				CODE_SIGN_STYLE = Automatic;
				DEVELOPMENT_TEAM = 88MUA8FE52;
				INFOPLIST_FILE = Aksam/Info.plist;
				LD_RUNPATH_SEARCH_PATHS = (
					"$(inherited)",
					"@executable_path/Frameworks",
				);
				PRODUCT_BUNDLE_IDENTIFIER = com.solidict.Aksam;
				PRODUCT_NAME = "$(TARGET_NAME)";
				SWIFT_VERSION = 5.0;
				TARGETED_DEVICE_FAMILY = "1,2";
			};
			name = Release;
		};
		1A850D4B2427958200802A86 /* Debug */ = {
			isa = XCBuildConfiguration;
			buildSettings = {
				ALWAYS_EMBED_SWIFT_STANDARD_LIBRARIES = YES;
				BUNDLE_LOADER = "$(TEST_HOST)";
				CODE_SIGN_STYLE = Automatic;
				DEVELOPMENT_TEAM = 88MUA8FE52;
				INFOPLIST_FILE = AksamTests/Info.plist;
				IPHONEOS_DEPLOYMENT_TARGET = 13.2;
				LD_RUNPATH_SEARCH_PATHS = (
					"$(inherited)",
					"@executable_path/Frameworks",
					"@loader_path/Frameworks",
				);
				PRODUCT_BUNDLE_IDENTIFIER = com.solidict.AksamTests;
				PRODUCT_NAME = "$(TARGET_NAME)";
				SWIFT_VERSION = 5.0;
				TARGETED_DEVICE_FAMILY = "1,2";
				TEST_HOST = "$(BUILT_PRODUCTS_DIR)/Aksam.app/Aksam";
			};
			name = Debug;
		};
		1A850D4C2427958200802A86 /* Release */ = {
			isa = XCBuildConfiguration;
			buildSettings = {
				ALWAYS_EMBED_SWIFT_STANDARD_LIBRARIES = YES;
				BUNDLE_LOADER = "$(TEST_HOST)";
				CODE_SIGN_STYLE = Automatic;
				DEVELOPMENT_TEAM = 88MUA8FE52;
				INFOPLIST_FILE = AksamTests/Info.plist;
				IPHONEOS_DEPLOYMENT_TARGET = 13.2;
				LD_RUNPATH_SEARCH_PATHS = (
					"$(inherited)",
					"@executable_path/Frameworks",
					"@loader_path/Frameworks",
				);
				PRODUCT_BUNDLE_IDENTIFIER = com.solidict.AksamTests;
				PRODUCT_NAME = "$(TARGET_NAME)";
				SWIFT_VERSION = 5.0;
				TARGETED_DEVICE_FAMILY = "1,2";
				TEST_HOST = "$(BUILT_PRODUCTS_DIR)/Aksam.app/Aksam";
			};
			name = Release;
		};
/* End XCBuildConfiguration section */

/* Begin XCConfigurationList section */
		1A850D232427958000802A86 /* Build configuration list for PBXProject "Aksam" */ = {
			isa = XCConfigurationList;
			buildConfigurations = (
				1A850D452427958200802A86 /* Debug */,
				1A850D462427958200802A86 /* Release */,
			);
			defaultConfigurationIsVisible = 0;
			defaultConfigurationName = Release;
		};
		1A850D472427958200802A86 /* Build configuration list for PBXNativeTarget "Aksam" */ = {
			isa = XCConfigurationList;
			buildConfigurations = (
				1A850D482427958200802A86 /* Debug */,
				1A850D492427958200802A86 /* Release */,
			);
			defaultConfigurationIsVisible = 0;
			defaultConfigurationName = Release;
		};
		1A850D4A2427958200802A86 /* Build configuration list for PBXNativeTarget "AksamTests" */ = {
			isa = XCConfigurationList;
			buildConfigurations = (
				1A850D4B2427958200802A86 /* Debug */,
				1A850D4C2427958200802A86 /* Release */,
			);
			defaultConfigurationIsVisible = 0;
			defaultConfigurationName = Release;
		};
/* End XCConfigurationList section */
	};
	rootObject = 1A850D202427958000802A86 /* Project object */;
}
